
Microsoft Visual Studio Solution File, Format Version 12.00
# Visual Studio Version 16
VisualStudioVersion = 16.0.30011.22
MinimumVisualStudioVersion = 10.0.40219.1
Project("{FAE04EC0-301F-11D3-BF4B-00C04F79EFBC}") = "Bing Wallpaper 2", "Bing Wallpaper 2.csproj", "{1DF29068-F43C-43C9-BED2-A5FF8B46CF87}"
EndProject
Global
	GlobalSection(SolutionConfigurationPlatforms) = preSolution
		Debug|Any CPU = Debug|Any CPU
		Release|Any CPU = Release|Any CPU
	EndGlobalSection
	GlobalSection(ProjectConfigurationPlatforms) = postSolution
		{1DF29068-F43C-43C9-BED2-A5FF8B46CF87}.Debug|Any CPU.ActiveCfg = Debug|Any CPU
		{1DF29068-F43C-43C9-BED2-A5FF8B46CF87}.Debug|Any CPU.Build.0 = Debug|Any CPU
		{1DF29068-F43C-43C9-BED2-A5FF8B46CF87}.Release|Any CPU.ActiveCfg = Release|Any CPU
		{1DF29068-F43C-43C9-BED2-A5FF8B46CF87}.Release|Any CPU.Build.0 = Release|Any CPU
	EndGlobalSection
	GlobalSection(SolutionProperties) = preSolution
		HideSolutionNode = FALSE
	EndGlobalSection
	GlobalSection(ExtensibilityGlobals) = postSolution
		SolutionGuid = {C5412027-1DBA-4887-B575-078D5514A4FD}
	EndGlobalSection
EndGlobal
